// !$*UTF8*$!
{
	archiveVersion = 1;
	classes = {
	};
	objectVersion = 46;
	objects = {

/* Begin PBXBuildFile section */
		6449CF4F1904B09F00880E97 /* HighScore.m in Sources */ = {isa = PBXBuildFile; fileRef = 6449CF4E1904B09F00880E97 /* HighScore.m */; };
		6449CF581904BA2C00880E97 /* MMBSettingsViewController.m in Sources */ = {isa = PBXBuildFile; fileRef = 6449CF561904BA2C00880E97 /* MMBSettingsViewController.m */; };
		6449CF591904BA2C00880E97 /* MMBSettingsViewController.xib in Resources */ = {isa = PBXBuildFile; fileRef = 6449CF571904BA2C00880E97 /* MMBSettingsViewController.xib */; };
		645AA82A1903AC6F00B84AC4 /* Foundation.framework in Frameworks */ = {isa = PBXBuildFile; fileRef = 645AA8291903AC6F00B84AC4 /* Foundation.framework */; };
		645AA82C1903AC6F00B84AC4 /* CoreGraphics.framework in Frameworks */ = {isa = PBXBuildFile; fileRef = 645AA82B1903AC6F00B84AC4 /* CoreGraphics.framework */; };
		645AA82E1903AC6F00B84AC4 /* UIKit.framework in Frameworks */ = {isa = PBXBuildFile; fileRef = 645AA82D1903AC6F00B84AC4 /* UIKit.framework */; };
		645AA8301903AC6F00B84AC4 /* CoreData.framework in Frameworks */ = {isa = PBXBuildFile; fileRef = 645AA82F1903AC6F00B84AC4 /* CoreData.framework */; };
		645AA8361903AC6F00B84AC4 /* InfoPlist.strings in Resources */ = {isa = PBXBuildFile; fileRef = 645AA8341903AC6F00B84AC4 /* InfoPlist.strings */; };
		645AA8381903AC6F00B84AC4 /* main.m in Sources */ = {isa = PBXBuildFile; fileRef = 645AA8371903AC6F00B84AC4 /* main.m */; };
		645AA83C1903AC6F00B84AC4 /* MMBAppDelegate.m in Sources */ = {isa = PBXBuildFile; fileRef = 645AA83B1903AC6F00B84AC4 /* MMBAppDelegate.m */; };
		645AA83F1903AC6F00B84AC4 /* MemoryBlock.xcdatamodeld in Sources */ = {isa = PBXBuildFile; fileRef = 645AA83D1903AC6F00B84AC4 /* MemoryBlock.xcdatamodeld */; };
		645AA8411903AC6F00B84AC4 /* Images.xcassets in Resources */ = {isa = PBXBuildFile; fileRef = 645AA8401903AC6F00B84AC4 /* Images.xcassets */; };
		645AA8481903AC6F00B84AC4 /* XCTest.framework in Frameworks */ = {isa = PBXBuildFile; fileRef = 645AA8471903AC6F00B84AC4 /* XCTest.framework */; };
		645AA8491903AC6F00B84AC4 /* Foundation.framework in Frameworks */ = {isa = PBXBuildFile; fileRef = 645AA8291903AC6F00B84AC4 /* Foundation.framework */; };
		645AA84A1903AC6F00B84AC4 /* UIKit.framework in Frameworks */ = {isa = PBXBuildFile; fileRef = 645AA82D1903AC6F00B84AC4 /* UIKit.framework */; };
		645AA84B1903AC6F00B84AC4 /* CoreData.framework in Frameworks */ = {isa = PBXBuildFile; fileRef = 645AA82F1903AC6F00B84AC4 /* CoreData.framework */; };
		645AA8531903AC6F00B84AC4 /* InfoPlist.strings in Resources */ = {isa = PBXBuildFile; fileRef = 645AA8511903AC6F00B84AC4 /* InfoPlist.strings */; };
		645AA8551903AC6F00B84AC4 /* MemoryBlockTests.m in Sources */ = {isa = PBXBuildFile; fileRef = 645AA8541903AC6F00B84AC4 /* MemoryBlockTests.m */; };
		645AA8631903B45C00B84AC4 /* MMBPatternView.m in Sources */ = {isa = PBXBuildFile; fileRef = 645AA8621903B45C00B84AC4 /* MMBPatternView.m */; };
		645AA8661903B46E00B84AC4 /* MMBScoreView.m in Sources */ = {isa = PBXBuildFile; fileRef = 645AA8651903B46E00B84AC4 /* MMBScoreView.m */; };
		645AA8691903B48C00B84AC4 /* MMBPatternGrid.m in Sources */ = {isa = PBXBuildFile; fileRef = 645AA8681903B48C00B84AC4 /* MMBPatternGrid.m */; };
		645AA86D1903B53D00B84AC4 /* MMBRandomGridGenerator.m in Sources */ = {isa = PBXBuildFile; fileRef = 645AA86C1903B53D00B84AC4 /* MMBRandomGridGenerator.m */; };
		645AA8711903B67A00B84AC4 /* MMBGameViewController.m in Sources */ = {isa = PBXBuildFile; fileRef = 645AA86F1903B67A00B84AC4 /* MMBGameViewController.m */; };
		645AA8741903B6E500B84AC4 /* MMBGameViewController.xib in Resources */ = {isa = PBXBuildFile; fileRef = 645AA8731903B6E500B84AC4 /* MMBGameViewController.xib */; };
		645AA8761903B72700B84AC4 /* MMBScoreView.xib in Resources */ = {isa = PBXBuildFile; fileRef = 645AA8751903B72700B84AC4 /* MMBScoreView.xib */; };
		645AA87A1903B7C300B84AC4 /* MMBLobbyViewController.m in Sources */ = {isa = PBXBuildFile; fileRef = 645AA8781903B7C300B84AC4 /* MMBLobbyViewController.m */; };
		645AA87B1903B7C300B84AC4 /* MMBLobbyViewController.xib in Resources */ = {isa = PBXBuildFile; fileRef = 645AA8791903B7C300B84AC4 /* MMBLobbyViewController.xib */; };
		64B5C10A19048FD100F3FA43 /* MMBHighScoreViewController.m in Sources */ = {isa = PBXBuildFile; fileRef = 64B5C10919048FD100F3FA43 /* MMBHighScoreViewController.m */; };
		64B5C11D19049CAA00F3FA43 /* MMBScoreViewCell.m in Sources */ = {isa = PBXBuildFile; fileRef = 64B5C11B19049CAA00F3FA43 /* MMBScoreViewCell.m */; };
		64B5C11E19049CAA00F3FA43 /* MMBScoreViewCell.xib in Resources */ = {isa = PBXBuildFile; fileRef = 64B5C11C19049CAA00F3FA43 /* MMBScoreViewCell.xib */; };
		64E93A431907931700852ECF /* MMBCell.m in Sources */ = {isa = PBXBuildFile; fileRef = 64E93A421907931700852ECF /* MMBCell.m */; };
		64E93AF11908E9AC00852ECF /* tap.aif in Resources */ = {isa = PBXBuildFile; fileRef = 64E93AF01908E63600852ECF /* tap.aif */; };
/* End PBXBuildFile section */

/* Begin PBXContainerItemProxy section */
		645AA84C1903AC6F00B84AC4 /* PBXContainerItemProxy */ = {
			isa = PBXContainerItemProxy;
			containerPortal = 645AA81E1903AC6F00B84AC4 /* Project object */;
			proxyType = 1;
			remoteGlobalIDString = 645AA8251903AC6F00B84AC4;
			remoteInfo = MemoryBlock;
		};
/* End PBXContainerItemProxy section */

/* Begin PBXFileReference section */
		6449CF4D1904B09F00880E97 /* HighScore.h */ = {isa = PBXFileReference; fileEncoding = 4; lastKnownFileType = sourcecode.c.h; name = HighScore.h; path = ../HighScore.h; sourceTree = "<group>"; };
		6449CF4E1904B09F00880E97 /* HighScore.m */ = {isa = PBXFileReference; fileEncoding = 4; lastKnownFileType = sourcecode.c.objc; name = HighScore.m; path = ../HighScore.m; sourceTree = "<group>"; };
		6449CF551904BA2C00880E97 /* MMBSettingsViewController.h */ = {isa = PBXFileReference; fileEncoding = 4; lastKnownFileType = sourcecode.c.h; path = MMBSettingsViewController.h; sourceTree = "<group>"; };
		6449CF561904BA2C00880E97 /* MMBSettingsViewController.m */ = {isa = PBXFileReference; fileEncoding = 4; lastKnownFileType = sourcecode.c.objc; path = MMBSettingsViewController.m; sourceTree = "<group>"; };
		6449CF571904BA2C00880E97 /* MMBSettingsViewController.xib */ = {isa = PBXFileReference; fileEncoding = 4; lastKnownFileType = file.xib; path = MMBSettingsViewController.xib; sourceTree = "<group>"; };
		645AA8261903AC6F00B84AC4 /* MemoryBlock.app */ = {isa = PBXFileReference; explicitFileType = wrapper.application; includeInIndex = 0; path = MemoryBlock.app; sourceTree = BUILT_PRODUCTS_DIR; };
		645AA8291903AC6F00B84AC4 /* Foundation.framework */ = {isa = PBXFileReference; lastKnownFileType = wrapper.framework; name = Foundation.framework; path = System/Library/Frameworks/Foundation.framework; sourceTree = SDKROOT; };
		645AA82B1903AC6F00B84AC4 /* CoreGraphics.framework */ = {isa = PBXFileReference; lastKnownFileType = wrapper.framework; name = CoreGraphics.framework; path = System/Library/Frameworks/CoreGraphics.framework; sourceTree = SDKROOT; };
		645AA82D1903AC6F00B84AC4 /* UIKit.framework */ = {isa = PBXFileReference; lastKnownFileType = wrapper.framework; name = UIKit.framework; path = System/Library/Frameworks/UIKit.framework; sourceTree = SDKROOT; };
		645AA82F1903AC6F00B84AC4 /* CoreData.framework */ = {isa = PBXFileReference; lastKnownFileType = wrapper.framework; name = CoreData.framework; path = System/Library/Frameworks/CoreData.framework; sourceTree = SDKROOT; };
		645AA8331903AC6F00B84AC4 /* MemoryBlock-Info.plist */ = {isa = PBXFileReference; lastKnownFileType = text.plist.xml; path = "MemoryBlock-Info.plist"; sourceTree = "<group>"; };
		645AA8351903AC6F00B84AC4 /* en */ = {isa = PBXFileReference; lastKnownFileType = text.plist.strings; name = en; path = en.lproj/InfoPlist.strings; sourceTree = "<group>"; };
		645AA8371903AC6F00B84AC4 /* main.m */ = {isa = PBXFileReference; lastKnownFileType = sourcecode.c.objc; path = main.m; sourceTree = "<group>"; };
		645AA8391903AC6F00B84AC4 /* MemoryBlock-Prefix.pch */ = {isa = PBXFileReference; lastKnownFileType = sourcecode.c.h; path = "MemoryBlock-Prefix.pch"; sourceTree = "<group>"; };
		645AA83A1903AC6F00B84AC4 /* MMBAppDelegate.h */ = {isa = PBXFileReference; lastKnownFileType = sourcecode.c.h; path = MMBAppDelegate.h; sourceTree = "<group>"; };
		645AA83B1903AC6F00B84AC4 /* MMBAppDelegate.m */ = {isa = PBXFileReference; lastKnownFileType = sourcecode.c.objc; path = MMBAppDelegate.m; sourceTree = "<group>"; };
		645AA83E1903AC6F00B84AC4 /* MemoryBlock.xcdatamodel */ = {isa = PBXFileReference; lastKnownFileType = wrapper.xcdatamodel; path = MemoryBlock.xcdatamodel; sourceTree = "<group>"; };
		645AA8401903AC6F00B84AC4 /* Images.xcassets */ = {isa = PBXFileReference; lastKnownFileType = folder.assetcatalog; path = Images.xcassets; sourceTree = "<group>"; };
		645AA8461903AC6F00B84AC4 /* MemoryBlockTests.xctest */ = {isa = PBXFileReference; explicitFileType = wrapper.cfbundle; includeInIndex = 0; path = MemoryBlockTests.xctest; sourceTree = BUILT_PRODUCTS_DIR; };
		645AA8471903AC6F00B84AC4 /* XCTest.framework */ = {isa = PBXFileReference; lastKnownFileType = wrapper.framework; name = XCTest.framework; path = Library/Frameworks/XCTest.framework; sourceTree = DEVELOPER_DIR; };
		645AA8501903AC6F00B84AC4 /* MemoryBlockTests-Info.plist */ = {isa = PBXFileReference; lastKnownFileType = text.plist.xml; path = "MemoryBlockTests-Info.plist"; sourceTree = "<group>"; };
		645AA8521903AC6F00B84AC4 /* en */ = {isa = PBXFileReference; lastKnownFileType = text.plist.strings; name = en; path = en.lproj/InfoPlist.strings; sourceTree = "<group>"; };
		645AA8541903AC6F00B84AC4 /* MemoryBlockTests.m */ = {isa = PBXFileReference; lastKnownFileType = sourcecode.c.objc; path = MemoryBlockTests.m; sourceTree = "<group>"; };
		645AA8611903B45C00B84AC4 /* MMBPatternView.h */ = {isa = PBXFileReference; fileEncoding = 4; lastKnownFileType = sourcecode.c.h; path = MMBPatternView.h; sourceTree = "<group>"; };
		645AA8621903B45C00B84AC4 /* MMBPatternView.m */ = {isa = PBXFileReference; fileEncoding = 4; lastKnownFileType = sourcecode.c.objc; path = MMBPatternView.m; sourceTree = "<group>"; };
		645AA8641903B46E00B84AC4 /* MMBScoreView.h */ = {isa = PBXFileReference; fileEncoding = 4; lastKnownFileType = sourcecode.c.h; path = MMBScoreView.h; sourceTree = "<group>"; };
		645AA8651903B46E00B84AC4 /* MMBScoreView.m */ = {isa = PBXFileReference; fileEncoding = 4; lastKnownFileType = sourcecode.c.objc; path = MMBScoreView.m; sourceTree = "<group>"; };
		645AA8671903B48C00B84AC4 /* MMBPatternGrid.h */ = {isa = PBXFileReference; fileEncoding = 4; lastKnownFileType = sourcecode.c.h; path = MMBPatternGrid.h; sourceTree = "<group>"; };
		645AA8681903B48C00B84AC4 /* MMBPatternGrid.m */ = {isa = PBXFileReference; fileEncoding = 4; lastKnownFileType = sourcecode.c.objc; path = MMBPatternGrid.m; sourceTree = "<group>"; };
		645AA86A1903B4BA00B84AC4 /* MMBGridGenerating.h */ = {isa = PBXFileReference; lastKnownFileType = sourcecode.c.h; path = MMBGridGenerating.h; sourceTree = "<group>"; };
		645AA86B1903B53D00B84AC4 /* MMBRandomGridGenerator.h */ = {isa = PBXFileReference; fileEncoding = 4; lastKnownFileType = sourcecode.c.h; path = MMBRandomGridGenerator.h; sourceTree = "<group>"; };
		645AA86C1903B53D00B84AC4 /* MMBRandomGridGenerator.m */ = {isa = PBXFileReference; fileEncoding = 4; lastKnownFileType = sourcecode.c.objc; path = MMBRandomGridGenerator.m; sourceTree = "<group>"; };
		645AA86E1903B67A00B84AC4 /* MMBGameViewController.h */ = {isa = PBXFileReference; fileEncoding = 4; lastKnownFileType = sourcecode.c.h; path = MMBGameViewController.h; sourceTree = "<group>"; };
		645AA86F1903B67A00B84AC4 /* MMBGameViewController.m */ = {isa = PBXFileReference; fileEncoding = 4; lastKnownFileType = sourcecode.c.objc; path = MMBGameViewController.m; sourceTree = "<group>"; };
		645AA8731903B6E500B84AC4 /* MMBGameViewController.xib */ = {isa = PBXFileReference; fileEncoding = 4; lastKnownFileType = file.xib; path = MMBGameViewController.xib; sourceTree = "<group>"; };
		645AA8751903B72700B84AC4 /* MMBScoreView.xib */ = {isa = PBXFileReference; fileEncoding = 4; lastKnownFileType = file.xib; path = MMBScoreView.xib; sourceTree = "<group>"; };
		645AA8771903B7C300B84AC4 /* MMBLobbyViewController.h */ = {isa = PBXFileReference; fileEncoding = 4; lastKnownFileType = sourcecode.c.h; path = MMBLobbyViewController.h; sourceTree = "<group>"; };
		645AA8781903B7C300B84AC4 /* MMBLobbyViewController.m */ = {isa = PBXFileReference; fileEncoding = 4; lastKnownFileType = sourcecode.c.objc; path = MMBLobbyViewController.m; sourceTree = "<group>"; };
		645AA8791903B7C300B84AC4 /* MMBLobbyViewController.xib */ = {isa = PBXFileReference; fileEncoding = 4; lastKnownFileType = file.xib; path = MMBLobbyViewController.xib; sourceTree = "<group>"; };
		64B5C10819048FD100F3FA43 /* MMBHighScoreViewController.h */ = {isa = PBXFileReference; fileEncoding = 4; lastKnownFileType = sourcecode.c.h; path = MMBHighScoreViewController.h; sourceTree = "<group>"; };
		64B5C10919048FD100F3FA43 /* MMBHighScoreViewController.m */ = {isa = PBXFileReference; fileEncoding = 4; lastKnownFileType = sourcecode.c.objc; path = MMBHighScoreViewController.m; sourceTree = "<group>"; };
		64B5C11A19049CAA00F3FA43 /* MMBScoreViewCell.h */ = {isa = PBXFileReference; fileEncoding = 4; lastKnownFileType = sourcecode.c.h; path = MMBScoreViewCell.h; sourceTree = "<group>"; };
		64B5C11B19049CAA00F3FA43 /* MMBScoreViewCell.m */ = {isa = PBXFileReference; fileEncoding = 4; lastKnownFileType = sourcecode.c.objc; path = MMBScoreViewCell.m; sourceTree = "<group>"; };
		64B5C11C19049CAA00F3FA43 /* MMBScoreViewCell.xib */ = {isa = PBXFileReference; fileEncoding = 4; lastKnownFileType = file.xib; path = MMBScoreViewCell.xib; sourceTree = "<group>"; };
		64E93A411907931700852ECF /* MMBCell.h */ = {isa = PBXFileReference; fileEncoding = 4; lastKnownFileType = sourcecode.c.h; path = MMBCell.h; sourceTree = "<group>"; };
		64E93A421907931700852ECF /* MMBCell.m */ = {isa = PBXFileReference; fileEncoding = 4; lastKnownFileType = sourcecode.c.objc; path = MMBCell.m; sourceTree = "<group>"; };
		64E93AEE1908D86B00852ECF /* MMBColorUtility.h */ = {isa = PBXFileReference; lastKnownFileType = sourcecode.c.h; path = MMBColorUtility.h; sourceTree = "<group>"; };
		64E93AF01908E63600852ECF /* tap.aif */ = {isa = PBXFileReference; lastKnownFileType = file; path = tap.aif; sourceTree = "<group>"; };
/* End PBXFileReference section */

/* Begin PBXFrameworksBuildPhase section */
		645AA8231903AC6F00B84AC4 /* Frameworks */ = {
			isa = PBXFrameworksBuildPhase;
			buildActionMask = 2147483647;
			files = (
				645AA82C1903AC6F00B84AC4 /* CoreGraphics.framework in Frameworks */,
				645AA8301903AC6F00B84AC4 /* CoreData.framework in Frameworks */,
				645AA82E1903AC6F00B84AC4 /* UIKit.framework in Frameworks */,
				645AA82A1903AC6F00B84AC4 /* Foundation.framework in Frameworks */,
			);
			runOnlyForDeploymentPostprocessing = 0;
		};
		645AA8431903AC6F00B84AC4 /* Frameworks */ = {
			isa = PBXFrameworksBuildPhase;
			buildActionMask = 2147483647;
			files = (
				645AA8481903AC6F00B84AC4 /* XCTest.framework in Frameworks */,
				645AA84B1903AC6F00B84AC4 /* CoreData.framework in Frameworks */,
				645AA84A1903AC6F00B84AC4 /* UIKit.framework in Frameworks */,
				645AA8491903AC6F00B84AC4 /* Foundation.framework in Frameworks */,
			);
			runOnlyForDeploymentPostprocessing = 0;
		};
/* End PBXFrameworksBuildPhase section */

/* Begin PBXGroup section */
		6449CF491904ABE300880E97 /* CoreData */ = {
			isa = PBXGroup;
			children = (
				6449CF4D1904B09F00880E97 /* HighScore.h */,
				6449CF4E1904B09F00880E97 /* HighScore.m */,
			);
			name = CoreData;
			sourceTree = "<group>";
		};
		645AA81D1903AC6F00B84AC4 = {
			isa = PBXGroup;
			children = (
				645AA8311903AC6F00B84AC4 /* MemoryBlock */,
				645AA84E1903AC6F00B84AC4 /* MemoryBlockTests */,
				645AA8281903AC6F00B84AC4 /* Frameworks */,
				645AA8271903AC6F00B84AC4 /* Products */,
			);
			sourceTree = "<group>";
		};
		645AA8271903AC6F00B84AC4 /* Products */ = {
			isa = PBXGroup;
			children = (
				645AA8261903AC6F00B84AC4 /* MemoryBlock.app */,
				645AA8461903AC6F00B84AC4 /* MemoryBlockTests.xctest */,
			);
			name = Products;
			sourceTree = "<group>";
		};
		645AA8281903AC6F00B84AC4 /* Frameworks */ = {
			isa = PBXGroup;
			children = (
				645AA8291903AC6F00B84AC4 /* Foundation.framework */,
				645AA82B1903AC6F00B84AC4 /* CoreGraphics.framework */,
				645AA82D1903AC6F00B84AC4 /* UIKit.framework */,
				645AA82F1903AC6F00B84AC4 /* CoreData.framework */,
				645AA8471903AC6F00B84AC4 /* XCTest.framework */,
			);
			name = Frameworks;
			sourceTree = "<group>";
		};
		645AA8311903AC6F00B84AC4 /* MemoryBlock */ = {
			isa = PBXGroup;
			children = (
				64E93AED1908D84900852ECF /* Utility */,
				645AA8601903B41A00B84AC4 /* Model */,
				645AA85F1903B41400B84AC4 /* Controller */,
				645AA85E1903B3FF00B84AC4 /* View */,
				645AA83A1903AC6F00B84AC4 /* MMBAppDelegate.h */,
				645AA83B1903AC6F00B84AC4 /* MMBAppDelegate.m */,
				645AA8401903AC6F00B84AC4 /* Images.xcassets */,
				645AA83D1903AC6F00B84AC4 /* MemoryBlock.xcdatamodeld */,
				645AA8321903AC6F00B84AC4 /* Supporting Files */,
			);
			path = MemoryBlock;
			sourceTree = "<group>";
		};
		645AA8321903AC6F00B84AC4 /* Supporting Files */ = {
			isa = PBXGroup;
			children = (
				64E93AEF1908E62300852ECF /* Resources */,
				645AA8331903AC6F00B84AC4 /* MemoryBlock-Info.plist */,
				645AA8341903AC6F00B84AC4 /* InfoPlist.strings */,
				645AA8371903AC6F00B84AC4 /* main.m */,
				645AA8391903AC6F00B84AC4 /* MemoryBlock-Prefix.pch */,
			);
			name = "Supporting Files";
			sourceTree = "<group>";
		};
		645AA84E1903AC6F00B84AC4 /* MemoryBlockTests */ = {
			isa = PBXGroup;
			children = (
				645AA8541903AC6F00B84AC4 /* MemoryBlockTests.m */,
				645AA84F1903AC6F00B84AC4 /* Supporting Files */,
			);
			path = MemoryBlockTests;
			sourceTree = "<group>";
		};
		645AA84F1903AC6F00B84AC4 /* Supporting Files */ = {
			isa = PBXGroup;
			children = (
				645AA8501903AC6F00B84AC4 /* MemoryBlockTests-Info.plist */,
				645AA8511903AC6F00B84AC4 /* InfoPlist.strings */,
			);
			name = "Supporting Files";
			sourceTree = "<group>";
		};
		645AA85E1903B3FF00B84AC4 /* View */ = {
			isa = PBXGroup;
			children = (
				645AA8611903B45C00B84AC4 /* MMBPatternView.h */,
				645AA8621903B45C00B84AC4 /* MMBPatternView.m */,
				645AA8641903B46E00B84AC4 /* MMBScoreView.h */,
				645AA8651903B46E00B84AC4 /* MMBScoreView.m */,
				645AA8751903B72700B84AC4 /* MMBScoreView.xib */,
				64B5C11A19049CAA00F3FA43 /* MMBScoreViewCell.h */,
				64B5C11B19049CAA00F3FA43 /* MMBScoreViewCell.m */,
				64B5C11C19049CAA00F3FA43 /* MMBScoreViewCell.xib */,
			);
			name = View;
			sourceTree = "<group>";
		};
		645AA85F1903B41400B84AC4 /* Controller */ = {
			isa = PBXGroup;
			children = (
				645AA8731903B6E500B84AC4 /* MMBGameViewController.xib */,
				645AA86E1903B67A00B84AC4 /* MMBGameViewController.h */,
				645AA86F1903B67A00B84AC4 /* MMBGameViewController.m */,
				645AA8771903B7C300B84AC4 /* MMBLobbyViewController.h */,
				645AA8781903B7C300B84AC4 /* MMBLobbyViewController.m */,
				645AA8791903B7C300B84AC4 /* MMBLobbyViewController.xib */,
				64B5C10819048FD100F3FA43 /* MMBHighScoreViewController.h */,
				64B5C10919048FD100F3FA43 /* MMBHighScoreViewController.m */,
				6449CF551904BA2C00880E97 /* MMBSettingsViewController.h */,
				6449CF561904BA2C00880E97 /* MMBSettingsViewController.m */,
				6449CF571904BA2C00880E97 /* MMBSettingsViewController.xib */,
			);
			name = Controller;
			sourceTree = "<group>";
		};
		645AA8601903B41A00B84AC4 /* Model */ = {
			isa = PBXGroup;
			children = (
				6449CF491904ABE300880E97 /* CoreData */,
				645AA8671903B48C00B84AC4 /* MMBPatternGrid.h */,
				645AA8681903B48C00B84AC4 /* MMBPatternGrid.m */,
				645AA86A1903B4BA00B84AC4 /* MMBGridGenerating.h */,
				645AA86B1903B53D00B84AC4 /* MMBRandomGridGenerator.h */,
				645AA86C1903B53D00B84AC4 /* MMBRandomGridGenerator.m */,
				64E93A411907931700852ECF /* MMBCell.h */,
				64E93A421907931700852ECF /* MMBCell.m */,
			);
			name = Model;
			sourceTree = "<group>";
		};
		64E93AED1908D84900852ECF /* Utility */ = {
			isa = PBXGroup;
			children = (
				64E93AEE1908D86B00852ECF /* MMBColorUtility.h */,
			);
			name = Utility;
			sourceTree = "<group>";
		};
		64E93AEF1908E62300852ECF /* Resources */ = {
			isa = PBXGroup;
			children = (
				64E93AF01908E63600852ECF /* tap.aif */,
			);
			name = Resources;
			sourceTree = "<group>";
		};
/* End PBXGroup section */

/* Begin PBXNativeTarget section */
		645AA8251903AC6F00B84AC4 /* MemoryBlock */ = {
			isa = PBXNativeTarget;
			buildConfigurationList = 645AA8581903AC6F00B84AC4 /* Build configuration list for PBXNativeTarget "MemoryBlock" */;
			buildPhases = (
				645AA8221903AC6F00B84AC4 /* Sources */,
				645AA8231903AC6F00B84AC4 /* Frameworks */,
				645AA8241903AC6F00B84AC4 /* Resources */,
			);
			buildRules = (
			);
			dependencies = (
			);
			name = MemoryBlock;
			productName = MemoryBlock;
			productReference = 645AA8261903AC6F00B84AC4 /* MemoryBlock.app */;
			productType = "com.apple.product-type.application";
		};
		645AA8451903AC6F00B84AC4 /* MemoryBlockTests */ = {
			isa = PBXNativeTarget;
			buildConfigurationList = 645AA85B1903AC6F00B84AC4 /* Build configuration list for PBXNativeTarget "MemoryBlockTests" */;
			buildPhases = (
				645AA8421903AC6F00B84AC4 /* Sources */,
				645AA8431903AC6F00B84AC4 /* Frameworks */,
				645AA8441903AC6F00B84AC4 /* Resources */,
			);
			buildRules = (
			);
			dependencies = (
				645AA84D1903AC6F00B84AC4 /* PBXTargetDependency */,
			);
			name = MemoryBlockTests;
			productName = MemoryBlockTests;
			productReference = 645AA8461903AC6F00B84AC4 /* MemoryBlockTests.xctest */;
			productType = "com.apple.product-type.bundle.unit-test";
		};
/* End PBXNativeTarget section */

/* Begin PBXProject section */
		645AA81E1903AC6F00B84AC4 /* Project object */ = {
			isa = PBXProject;
			attributes = {
				CLASSPREFIX = MMB;
				LastUpgradeCheck = 0510;
				ORGANIZATIONNAME = "___FULLUSERNAME___";
				TargetAttributes = {
					645AA8451903AC6F00B84AC4 = {
						TestTargetID = 645AA8251903AC6F00B84AC4;
					};
				};
			};
			buildConfigurationList = 645AA8211903AC6F00B84AC4 /* Build configuration list for PBXProject "MemoryBlock" */;
			compatibilityVersion = "Xcode 3.2";
			developmentRegion = English;
			hasScannedForEncodings = 0;
			knownRegions = (
				en,
			);
			mainGroup = 645AA81D1903AC6F00B84AC4;
			productRefGroup = 645AA8271903AC6F00B84AC4 /* Products */;
			projectDirPath = "";
			projectRoot = "";
			targets = (
				645AA8251903AC6F00B84AC4 /* MemoryBlock */,
				645AA8451903AC6F00B84AC4 /* MemoryBlockTests */,
			);
		};
/* End PBXProject section */

/* Begin PBXResourcesBuildPhase section */
		645AA8241903AC6F00B84AC4 /* Resources */ = {
			isa = PBXResourcesBuildPhase;
			buildActionMask = 2147483647;
			files = (
				64E93AF11908E9AC00852ECF /* tap.aif in Resources */,
				64B5C11E19049CAA00F3FA43 /* MMBScoreViewCell.xib in Resources */,
				645AA8761903B72700B84AC4 /* MMBScoreView.xib in Resources */,
				645AA8741903B6E500B84AC4 /* MMBGameViewController.xib in Resources */,
				6449CF591904BA2C00880E97 /* MMBSettingsViewController.xib in Resources */,
				645AA8361903AC6F00B84AC4 /* InfoPlist.strings in Resources */,
				645AA8411903AC6F00B84AC4 /* Images.xcassets in Resources */,
				645AA87B1903B7C300B84AC4 /* MMBLobbyViewController.xib in Resources */,
			);
			runOnlyForDeploymentPostprocessing = 0;
		};
		645AA8441903AC6F00B84AC4 /* Resources */ = {
			isa = PBXResourcesBuildPhase;
			buildActionMask = 2147483647;
			files = (
				645AA8531903AC6F00B84AC4 /* InfoPlist.strings in Resources */,
			);
			runOnlyForDeploymentPostprocessing = 0;
		};
/* End PBXResourcesBuildPhase section */

/* Begin PBXSourcesBuildPhase section */
		645AA8221903AC6F00B84AC4 /* Sources */ = {
			isa = PBXSourcesBuildPhase;
			buildActionMask = 2147483647;
			files = (
				64B5C11D19049CAA00F3FA43 /* MMBScoreViewCell.m in Sources */,
				645AA8631903B45C00B84AC4 /* MMBPatternView.m in Sources */,
				6449CF4F1904B09F00880E97 /* HighScore.m in Sources */,
				645AA8691903B48C00B84AC4 /* MMBPatternGrid.m in Sources */,
				645AA8661903B46E00B84AC4 /* MMBScoreView.m in Sources */,
				645AA83F1903AC6F00B84AC4 /* MemoryBlock.xcdatamodeld in Sources */,
				64B5C10A19048FD100F3FA43 /* MMBHighScoreViewController.m in Sources */,
				645AA8381903AC6F00B84AC4 /* main.m in Sources */,
				6449CF581904BA2C00880E97 /* MMBSettingsViewController.m in Sources */,
				645AA87A1903B7C300B84AC4 /* MMBLobbyViewController.m in Sources */,
				645AA83C1903AC6F00B84AC4 /* MMBAppDelegate.m in Sources */,
				645AA86D1903B53D00B84AC4 /* MMBRandomGridGenerator.m in Sources */,
				64E93A431907931700852ECF /* MMBCell.m in Sources */,
				645AA8711903B67A00B84AC4 /* MMBGameViewController.m in Sources */,
			);
			runOnlyForDeploymentPostprocessing = 0;
		};
		645AA8421903AC6F00B84AC4 /* Sources */ = {
			isa = PBXSourcesBuildPhase;
			buildActionMask = 2147483647;
			files = (
				645AA8551903AC6F00B84AC4 /* MemoryBlockTests.m in Sources */,
			);
			runOnlyForDeploymentPostprocessing = 0;
		};
/* End PBXSourcesBuildPhase section */

/* Begin PBXTargetDependency section */
		645AA84D1903AC6F00B84AC4 /* PBXTargetDependency */ = {
			isa = PBXTargetDependency;
			target = 645AA8251903AC6F00B84AC4 /* MemoryBlock */;
			targetProxy = 645AA84C1903AC6F00B84AC4 /* PBXContainerItemProxy */;
		};
/* End PBXTargetDependency section */

/* Begin PBXVariantGroup section */
		645AA8341903AC6F00B84AC4 /* InfoPlist.strings */ = {
			isa = PBXVariantGroup;
			children = (
				645AA8351903AC6F00B84AC4 /* en */,
			);
			name = InfoPlist.strings;
			sourceTree = "<group>";
		};
		645AA8511903AC6F00B84AC4 /* InfoPlist.strings */ = {
			isa = PBXVariantGroup;
			children = (
				645AA8521903AC6F00B84AC4 /* en */,
			);
			name = InfoPlist.strings;
			sourceTree = "<group>";
		};
/* End PBXVariantGroup section */

/* Begin XCBuildConfiguration section */
		645AA8561903AC6F00B84AC4 /* Debug */ = {
			isa = XCBuildConfiguration;
			buildSettings = {
				ALWAYS_SEARCH_USER_PATHS = NO;
				CLANG_CXX_LANGUAGE_STANDARD = "gnu++0x";
				CLANG_CXX_LIBRARY = "libc++";
				CLANG_ENABLE_MODULES = YES;
				CLANG_ENABLE_OBJC_ARC = YES;
				CLANG_WARN_BOOL_CONVERSION = YES;
				CLANG_WARN_CONSTANT_CONVERSION = YES;
				CLANG_WARN_DIRECT_OBJC_ISA_USAGE = YES_ERROR;
				CLANG_WARN_EMPTY_BODY = YES;
				CLANG_WARN_ENUM_CONVERSION = YES;
				CLANG_WARN_INT_CONVERSION = YES;
				CLANG_WARN_OBJC_ROOT_CLASS = YES_ERROR;
				CLANG_WARN__DUPLICATE_METHOD_MATCH = YES;
				"CODE_SIGN_IDENTITY[sdk=iphoneos*]" = "iPhone Developer";
				COPY_PHASE_STRIP = NO;
				GCC_C_LANGUAGE_STANDARD = gnu99;
				GCC_DYNAMIC_NO_PIC = NO;
				GCC_OPTIMIZATION_LEVEL = 0;
				GCC_PREPROCESSOR_DEFINITIONS = (
					"DEBUG=1",
					"$(inherited)",
				);
				GCC_SYMBOLS_PRIVATE_EXTERN = NO;
				GCC_WARN_64_TO_32_BIT_CONVERSION = YES;
				GCC_WARN_ABOUT_RETURN_TYPE = YES_ERROR;
				GCC_WARN_UNDECLARED_SELECTOR = YES;
				GCC_WARN_UNINITIALIZED_AUTOS = YES_AGGRESSIVE;
				GCC_WARN_UNUSED_FUNCTION = YES;
				GCC_WARN_UNUSED_VARIABLE = YES;
				IPHONEOS_DEPLOYMENT_TARGET = 7.1;
				ONLY_ACTIVE_ARCH = YES;
				SDKROOT = iphoneos;
			};
			name = Debug;
		};
		645AA8571903AC6F00B84AC4 /* Release */ = {
			isa = XCBuildConfiguration;
			buildSettings = {
				ALWAYS_SEARCH_USER_PATHS = NO;
				CLANG_CXX_LANGUAGE_STANDARD = "gnu++0x";
				CLANG_CXX_LIBRARY = "libc++";
				CLANG_ENABLE_MODULES = YES;
				CLANG_ENABLE_OBJC_ARC = YES;
				CLANG_WARN_BOOL_CONVERSION = YES;
				CLANG_WARN_CONSTANT_CONVERSION = YES;
				CLANG_WARN_DIRECT_OBJC_ISA_USAGE = YES_ERROR;
				CLANG_WARN_EMPTY_BODY = YES;
				CLANG_WARN_ENUM_CONVERSION = YES;
				CLANG_WARN_INT_CONVERSION = YES;
				CLANG_WARN_OBJC_ROOT_CLASS = YES_ERROR;
				CLANG_WARN__DUPLICATE_METHOD_MATCH = YES;
				"CODE_SIGN_IDENTITY[sdk=iphoneos*]" = "iPhone Developer";
				COPY_PHASE_STRIP = YES;
				ENABLE_NS_ASSERTIONS = NO;
				GCC_C_LANGUAGE_STANDARD = gnu99;
				GCC_WARN_64_TO_32_BIT_CONVERSION = YES;
				GCC_WARN_ABOUT_RETURN_TYPE = YES_ERROR;
				GCC_WARN_UNDECLARED_SELECTOR = YES;
				GCC_WARN_UNINITIALIZED_AUTOS = YES_AGGRESSIVE;
				GCC_WARN_UNUSED_FUNCTION = YES;
				GCC_WARN_UNUSED_VARIABLE = YES;
				IPHONEOS_DEPLOYMENT_TARGET = 7.1;
				SDKROOT = iphoneos;
				VALIDATE_PRODUCT = YES;
			};
			name = Release;
		};
		645AA8591903AC6F00B84AC4 /* Debug */ = {
			isa = XCBuildConfiguration;
			buildSettings = {
				ASSETCATALOG_COMPILER_APPICON_NAME = AppIcon;
				ASSETCATALOG_COMPILER_LAUNCHIMAGE_NAME = LaunchImage;
				GCC_PRECOMPILE_PREFIX_HEADER = YES;
				GCC_PREFIX_HEADER = "MemoryBlock/MemoryBlock-Prefix.pch";
				INFOPLIST_FILE = "MemoryBlock/MemoryBlock-Info.plist";
				PRODUCT_NAME = "$(TARGET_NAME)";
				WRAPPER_EXTENSION = app;
			};
			name = Debug;
		};
		645AA85A1903AC6F00B84AC4 /* Release */ = {
			isa = XCBuildConfiguration;
			buildSettings = {
				ASSETCATALOG_COMPILER_APPICON_NAME = AppIcon;
				ASSETCATALOG_COMPILER_LAUNCHIMAGE_NAME = LaunchImage;
				GCC_PRECOMPILE_PREFIX_HEADER = YES;
				GCC_PREFIX_HEADER = "MemoryBlock/MemoryBlock-Prefix.pch";
				INFOPLIST_FILE = "MemoryBlock/MemoryBlock-Info.plist";
				PRODUCT_NAME = "$(TARGET_NAME)";
				WRAPPER_EXTENSION = app;
			};
			name = Release;
		};
		645AA85C1903AC6F00B84AC4 /* Debug */ = {
			isa = XCBuildConfiguration;
			buildSettings = {
				BUNDLE_LOADER = "$(BUILT_PRODUCTS_DIR)/MemoryBlock.app/MemoryBlock";
				FRAMEWORK_SEARCH_PATHS = (
					"$(SDKROOT)/Developer/Library/Frameworks",
					"$(inherited)",
					"$(DEVELOPER_FRAMEWORKS_DIR)",
				);
				GCC_PRECOMPILE_PREFIX_HEADER = YES;
				GCC_PREFIX_HEADER = "MemoryBlock/MemoryBlock-Prefix.pch";
				GCC_PREPROCESSOR_DEFINITIONS = (
					"DEBUG=1",
					"$(inherited)",
				);
				INFOPLIST_FILE = "MemoryBlockTests/MemoryBlockTests-Info.plist";
				PRODUCT_NAME = "$(TARGET_NAME)";
				TEST_HOST = "$(BUNDLE_LOADER)";
				WRAPPER_EXTENSION = xctest;
			};
			name = Debug;
		};
		645AA85D1903AC6F00B84AC4 /* Release */ = {
			isa = XCBuildConfiguration;
			buildSettings = {
				BUNDLE_LOADER = "$(BUILT_PRODUCTS_DIR)/MemoryBlock.app/MemoryBlock";
				FRAMEWORK_SEARCH_PATHS = (
					"$(SDKROOT)/Developer/Library/Frameworks",
					"$(inherited)",
					"$(DEVELOPER_FRAMEWORKS_DIR)",
				);
				GCC_PRECOMPILE_PREFIX_HEADER = YES;
				GCC_PREFIX_HEADER = "MemoryBlock/MemoryBlock-Prefix.pch";
				INFOPLIST_FILE = "MemoryBlockTests/MemoryBlockTests-Info.plist";
				PRODUCT_NAME = "$(TARGET_NAME)";
				TEST_HOST = "$(BUNDLE_LOADER)";
				WRAPPER_EXTENSION = xctest;
			};
			name = Release;
		};
/* End XCBuildConfiguration section */

/* Begin XCConfigurationList section */
		645AA8211903AC6F00B84AC4 /* Build configuration list for PBXProject "MemoryBlock" */ = {
			isa = XCConfigurationList;
			buildConfigurations = (
				645AA8561903AC6F00B84AC4 /* Debug */,
				645AA8571903AC6F00B84AC4 /* Release */,
			);
			defaultConfigurationIsVisible = 0;
			defaultConfigurationName = Release;
		};
		645AA8581903AC6F00B84AC4 /* Build configuration list for PBXNativeTarget "MemoryBlock" */ = {
			isa = XCConfigurationList;
			buildConfigurations = (
				645AA8591903AC6F00B84AC4 /* Debug */,
				645AA85A1903AC6F00B84AC4 /* Release */,
			);
			defaultConfigurationIsVisible = 0;
			defaultConfigurationName = Release;
		};
		645AA85B1903AC6F00B84AC4 /* Build configuration list for PBXNativeTarget "MemoryBlockTests" */ = {
			isa = XCConfigurationList;
			buildConfigurations = (
				645AA85C1903AC6F00B84AC4 /* Debug */,
				645AA85D1903AC6F00B84AC4 /* Release */,
			);
			defaultConfigurationIsVisible = 0;
			defaultConfigurationName = Release;
		};
/* End XCConfigurationList section */

/* Begin XCVersionGroup section */
		645AA83D1903AC6F00B84AC4 /* MemoryBlock.xcdatamodeld */ = {
			isa = XCVersionGroup;
			children = (
				645AA83E1903AC6F00B84AC4 /* MemoryBlock.xcdatamodel */,
			);
			currentVersion = 645AA83E1903AC6F00B84AC4 /* MemoryBlock.xcdatamodel */;
			path = MemoryBlock.xcdatamodeld;
			sourceTree = "<group>";
			versionGroupType = wrapper.xcdatamodel;
		};
/* End XCVersionGroup section */
	};
	rootObject = 645AA81E1903AC6F00B84AC4 /* Project object */;
}
